
Microsoft Visual Studio Solution File, Format Version 12.00
# Visual Studio Version 16
VisualStudioVersion = 16.0.31624.102
MinimumVisualStudioVersion = 10.0.40219.1
Project("{FAE04EC0-301F-11D3-BF4B-00C04F79EFBC}") = "Task01", "Task01\Task01.csproj", "{4C64B1A2-459E-4CDC-A870-FB6BF00CB01D}"
EndProject
Global
	GlobalSection(SolutionConfigurationPlatforms) = preSolution
		Debug|Any CPU = Debug|Any CPU
		Release|Any CPU = Release|Any CPU
	EndGlobalSection
	GlobalSection(ProjectConfigurationPlatforms) = postSolution
		{4C64B1A2-459E-4CDC-A870-FB6BF00CB01D}.Debug|Any CPU.ActiveCfg = Debug|Any CPU
		{4C64B1A2-459E-4CDC-A870-FB6BF00CB01D}.Debug|Any CPU.Build.0 = Debug|Any CPU
		{4C64B1A2-459E-4CDC-A870-FB6BF00CB01D}.Release|Any CPU.ActiveCfg = Release|Any CPU
		{4C64B1A2-459E-4CDC-A870-FB6BF00CB01D}.Release|Any CPU.Build.0 = Release|Any CPU
	EndGlobalSection
	GlobalSection(SolutionProperties) = preSolution
		HideSolutionNode = FALSE
	EndGlobalSection
	GlobalSection(ExtensibilityGlobals) = postSolution
		SolutionGuid = {78AC778C-3A7F-4D88-9ADC-8A990C465354}
	EndGlobalSection
EndGlobal
