
Microsoft Visual Studio Solution File, Format Version 12.00
# Visual Studio Version 16
VisualStudioVersion = 16.0.31624.102
MinimumVisualStudioVersion = 10.0.40219.1
Project("{9A19103F-16F7-4668-BE54-9A1E7A4F7556}") = "Task01", "Task01\Task01.csproj", "{9144A802-19D3-4F4A-B359-14582490F0B6}"
EndProject
Project("{9A19103F-16F7-4668-BE54-9A1E7A4F7556}") = "Task02", "Task02\Task02.csproj", "{71F57BFD-6673-45EB-94FE-FE77827E0470}"
EndProject
Global
	GlobalSection(SolutionConfigurationPlatforms) = preSolution
		Debug|Any CPU = Debug|Any CPU
		Release|Any CPU = Release|Any CPU
	EndGlobalSection
	GlobalSection(ProjectConfigurationPlatforms) = postSolution
		{9144A802-19D3-4F4A-B359-14582490F0B6}.Debug|Any CPU.ActiveCfg = Debug|Any CPU
		{9144A802-19D3-4F4A-B359-14582490F0B6}.Debug|Any CPU.Build.0 = Debug|Any CPU
		{9144A802-19D3-4F4A-B359-14582490F0B6}.Release|Any CPU.ActiveCfg = Release|Any CPU
		{9144A802-19D3-4F4A-B359-14582490F0B6}.Release|Any CPU.Build.0 = Release|Any CPU
		{71F57BFD-6673-45EB-94FE-FE77827E0470}.Debug|Any CPU.ActiveCfg = Debug|Any CPU
		{71F57BFD-6673-45EB-94FE-FE77827E0470}.Debug|Any CPU.Build.0 = Debug|Any CPU
		{71F57BFD-6673-45EB-94FE-FE77827E0470}.Release|Any CPU.ActiveCfg = Release|Any CPU
		{71F57BFD-6673-45EB-94FE-FE77827E0470}.Release|Any CPU.Build.0 = Release|Any CPU
	EndGlobalSection
	GlobalSection(SolutionProperties) = preSolution
		HideSolutionNode = FALSE
	EndGlobalSection
	GlobalSection(ExtensibilityGlobals) = postSolution
		SolutionGuid = {AE80231E-95CC-44EC-BECB-12822A4D7832}
	EndGlobalSection
EndGlobal
