
Microsoft Visual Studio Solution File, Format Version 12.00
# Visual Studio Version 16
VisualStudioVersion = 16.0.31624.102
MinimumVisualStudioVersion = 10.0.40219.1
Project("{FAE04EC0-301F-11D3-BF4B-00C04F79EFBC}") = "Task01", "Task01\Task01.csproj", "{394B6C60-23BB-4051-BC5F-F2AB2169C172}"
EndProject
Project("{FAE04EC0-301F-11D3-BF4B-00C04F79EFBC}") = "Task02", "Task02\Task02.csproj", "{FE89ACFF-7130-4083-8DA6-FCD4FBAC32BC}"
EndProject
Project("{FAE04EC0-301F-11D3-BF4B-00C04F79EFBC}") = "Task03", "Task03\Task03.csproj", "{6BA60E67-27C0-47B4-8F1E-738A60FFD6BB}"
EndProject
Project("{FAE04EC0-301F-11D3-BF4B-00C04F79EFBC}") = "Task04", "Task04\Task04.csproj", "{631855B7-C935-4F43-A716-789FC31A0FAB}"
EndProject
Global
	GlobalSection(SolutionConfigurationPlatforms) = preSolution
		Debug|Any CPU = Debug|Any CPU
		Release|Any CPU = Release|Any CPU
	EndGlobalSection
	GlobalSection(ProjectConfigurationPlatforms) = postSolution
		{394B6C60-23BB-4051-BC5F-F2AB2169C172}.Debug|Any CPU.ActiveCfg = Debug|Any CPU
		{394B6C60-23BB-4051-BC5F-F2AB2169C172}.Debug|Any CPU.Build.0 = Debug|Any CPU
		{394B6C60-23BB-4051-BC5F-F2AB2169C172}.Release|Any CPU.ActiveCfg = Release|Any CPU
		{394B6C60-23BB-4051-BC5F-F2AB2169C172}.Release|Any CPU.Build.0 = Release|Any CPU
		{FE89ACFF-7130-4083-8DA6-FCD4FBAC32BC}.Debug|Any CPU.ActiveCfg = Debug|Any CPU
		{FE89ACFF-7130-4083-8DA6-FCD4FBAC32BC}.Debug|Any CPU.Build.0 = Debug|Any CPU
		{FE89ACFF-7130-4083-8DA6-FCD4FBAC32BC}.Release|Any CPU.ActiveCfg = Release|Any CPU
		{FE89ACFF-7130-4083-8DA6-FCD4FBAC32BC}.Release|Any CPU.Build.0 = Release|Any CPU
		{6BA60E67-27C0-47B4-8F1E-738A60FFD6BB}.Debug|Any CPU.ActiveCfg = Debug|Any CPU
		{6BA60E67-27C0-47B4-8F1E-738A60FFD6BB}.Debug|Any CPU.Build.0 = Debug|Any CPU
		{6BA60E67-27C0-47B4-8F1E-738A60FFD6BB}.Release|Any CPU.ActiveCfg = Release|Any CPU
		{6BA60E67-27C0-47B4-8F1E-738A60FFD6BB}.Release|Any CPU.Build.0 = Release|Any CPU
		{631855B7-C935-4F43-A716-789FC31A0FAB}.Debug|Any CPU.ActiveCfg = Debug|Any CPU
		{631855B7-C935-4F43-A716-789FC31A0FAB}.Debug|Any CPU.Build.0 = Debug|Any CPU
		{631855B7-C935-4F43-A716-789FC31A0FAB}.Release|Any CPU.ActiveCfg = Release|Any CPU
		{631855B7-C935-4F43-A716-789FC31A0FAB}.Release|Any CPU.Build.0 = Release|Any CPU
	EndGlobalSection
	GlobalSection(SolutionProperties) = preSolution
		HideSolutionNode = FALSE
	EndGlobalSection
	GlobalSection(ExtensibilityGlobals) = postSolution
		SolutionGuid = {75100F64-E851-43B3-85E1-C895E23B22AD}
	EndGlobalSection
EndGlobal
