
Microsoft Visual Studio Solution File, Format Version 12.00
# Visual Studio Version 16
VisualStudioVersion = 16.0.31624.102
MinimumVisualStudioVersion = 10.0.40219.1
Project("{FAE04EC0-301F-11D3-BF4B-00C04F79EFBC}") = "Task01", "Task01\Task01.csproj", "{5161B2B0-7E6C-456C-BDE3-E0E04F0799EA}"
EndProject
Global
	GlobalSection(SolutionConfigurationPlatforms) = preSolution
		Debug|Any CPU = Debug|Any CPU
		Release|Any CPU = Release|Any CPU
	EndGlobalSection
	GlobalSection(ProjectConfigurationPlatforms) = postSolution
		{5161B2B0-7E6C-456C-BDE3-E0E04F0799EA}.Debug|Any CPU.ActiveCfg = Debug|Any CPU
		{5161B2B0-7E6C-456C-BDE3-E0E04F0799EA}.Debug|Any CPU.Build.0 = Debug|Any CPU
		{5161B2B0-7E6C-456C-BDE3-E0E04F0799EA}.Release|Any CPU.ActiveCfg = Release|Any CPU
		{5161B2B0-7E6C-456C-BDE3-E0E04F0799EA}.Release|Any CPU.Build.0 = Release|Any CPU
	EndGlobalSection
	GlobalSection(SolutionProperties) = preSolution
		HideSolutionNode = FALSE
	EndGlobalSection
	GlobalSection(ExtensibilityGlobals) = postSolution
		SolutionGuid = {0C47CA62-B6AE-4DB8-9119-85837C5C48BF}
	EndGlobalSection
EndGlobal
