
Microsoft Visual Studio Solution File, Format Version 12.00
# Visual Studio Version 16
VisualStudioVersion = 16.0.31624.102
MinimumVisualStudioVersion = 10.0.40219.1
Project("{FAE04EC0-301F-11D3-BF4B-00C04F79EFBC}") = "Task01", "Task01\Task01.csproj", "{E8D2C04E-44C1-4515-9B10-B313CB357ECE}"
EndProject
Global
	GlobalSection(SolutionConfigurationPlatforms) = preSolution
		Debug|Any CPU = Debug|Any CPU
		Release|Any CPU = Release|Any CPU
	EndGlobalSection
	GlobalSection(ProjectConfigurationPlatforms) = postSolution
		{E8D2C04E-44C1-4515-9B10-B313CB357ECE}.Debug|Any CPU.ActiveCfg = Debug|Any CPU
		{E8D2C04E-44C1-4515-9B10-B313CB357ECE}.Debug|Any CPU.Build.0 = Debug|Any CPU
		{E8D2C04E-44C1-4515-9B10-B313CB357ECE}.Release|Any CPU.ActiveCfg = Release|Any CPU
		{E8D2C04E-44C1-4515-9B10-B313CB357ECE}.Release|Any CPU.Build.0 = Release|Any CPU
	EndGlobalSection
	GlobalSection(SolutionProperties) = preSolution
		HideSolutionNode = FALSE
	EndGlobalSection
	GlobalSection(ExtensibilityGlobals) = postSolution
		SolutionGuid = {22038972-051B-480A-91DA-9B6D099F9FA4}
	EndGlobalSection
EndGlobal
