
Microsoft Visual Studio Solution File, Format Version 12.00
# Visual Studio Version 16
VisualStudioVersion = 16.0.31624.102
MinimumVisualStudioVersion = 10.0.40219.1
Project("{FAE04EC0-301F-11D3-BF4B-00C04F79EFBC}") = "Task01", "Task01\Task01.csproj", "{90891535-79AF-4334-9F2B-275758942927}"
EndProject
Global
	GlobalSection(SolutionConfigurationPlatforms) = preSolution
		Debug|Any CPU = Debug|Any CPU
		Release|Any CPU = Release|Any CPU
	EndGlobalSection
	GlobalSection(ProjectConfigurationPlatforms) = postSolution
		{90891535-79AF-4334-9F2B-275758942927}.Debug|Any CPU.ActiveCfg = Debug|Any CPU
		{90891535-79AF-4334-9F2B-275758942927}.Debug|Any CPU.Build.0 = Debug|Any CPU
		{90891535-79AF-4334-9F2B-275758942927}.Release|Any CPU.ActiveCfg = Release|Any CPU
		{90891535-79AF-4334-9F2B-275758942927}.Release|Any CPU.Build.0 = Release|Any CPU
	EndGlobalSection
	GlobalSection(SolutionProperties) = preSolution
		HideSolutionNode = FALSE
	EndGlobalSection
	GlobalSection(ExtensibilityGlobals) = postSolution
		SolutionGuid = {ECD12F58-7974-4B5D-9E0D-6C44F9664016}
	EndGlobalSection
EndGlobal
