
Microsoft Visual Studio Solution File, Format Version 12.00
# Visual Studio Version 16
VisualStudioVersion = 16.0.31624.102
MinimumVisualStudioVersion = 10.0.40219.1
Project("{9A19103F-16F7-4668-BE54-9A1E7A4F7556}") = "Task01", "Task01\Task01.csproj", "{D8C2ACDB-E431-4346-81FF-FC124D78D85F}"
EndProject
Project("{FAE04EC0-301F-11D3-BF4B-00C04F79EFBC}") = "Task02", "Task02\Task02.csproj", "{F7CB1703-AABE-4B53-9411-B1B7014DDA4A}"
EndProject
Global
	GlobalSection(SolutionConfigurationPlatforms) = preSolution
		Debug|Any CPU = Debug|Any CPU
		Release|Any CPU = Release|Any CPU
	EndGlobalSection
	GlobalSection(ProjectConfigurationPlatforms) = postSolution
		{D8C2ACDB-E431-4346-81FF-FC124D78D85F}.Debug|Any CPU.ActiveCfg = Debug|Any CPU
		{D8C2ACDB-E431-4346-81FF-FC124D78D85F}.Debug|Any CPU.Build.0 = Debug|Any CPU
		{D8C2ACDB-E431-4346-81FF-FC124D78D85F}.Release|Any CPU.ActiveCfg = Release|Any CPU
		{D8C2ACDB-E431-4346-81FF-FC124D78D85F}.Release|Any CPU.Build.0 = Release|Any CPU
		{F7CB1703-AABE-4B53-9411-B1B7014DDA4A}.Debug|Any CPU.ActiveCfg = Debug|Any CPU
		{F7CB1703-AABE-4B53-9411-B1B7014DDA4A}.Debug|Any CPU.Build.0 = Debug|Any CPU
		{F7CB1703-AABE-4B53-9411-B1B7014DDA4A}.Release|Any CPU.ActiveCfg = Release|Any CPU
		{F7CB1703-AABE-4B53-9411-B1B7014DDA4A}.Release|Any CPU.Build.0 = Release|Any CPU
	EndGlobalSection
	GlobalSection(SolutionProperties) = preSolution
		HideSolutionNode = FALSE
	EndGlobalSection
	GlobalSection(ExtensibilityGlobals) = postSolution
		SolutionGuid = {EA5FCFE4-69BB-410A-A043-78F777496EA3}
	EndGlobalSection
EndGlobal
