
Microsoft Visual Studio Solution File, Format Version 12.00
# Visual Studio Version 16
VisualStudioVersion = 16.0.31624.102
MinimumVisualStudioVersion = 10.0.40219.1
Project("{FAE04EC0-301F-11D3-BF4B-00C04F79EFBC}") = "Task01", "Task01\Task01.csproj", "{75ACFD22-08FA-4BE8-95BE-077342F877E2}"
EndProject
Global
	GlobalSection(SolutionConfigurationPlatforms) = preSolution
		Debug|Any CPU = Debug|Any CPU
		Release|Any CPU = Release|Any CPU
	EndGlobalSection
	GlobalSection(ProjectConfigurationPlatforms) = postSolution
		{75ACFD22-08FA-4BE8-95BE-077342F877E2}.Debug|Any CPU.ActiveCfg = Debug|Any CPU
		{75ACFD22-08FA-4BE8-95BE-077342F877E2}.Debug|Any CPU.Build.0 = Debug|Any CPU
		{75ACFD22-08FA-4BE8-95BE-077342F877E2}.Release|Any CPU.ActiveCfg = Release|Any CPU
		{75ACFD22-08FA-4BE8-95BE-077342F877E2}.Release|Any CPU.Build.0 = Release|Any CPU
	EndGlobalSection
	GlobalSection(SolutionProperties) = preSolution
		HideSolutionNode = FALSE
	EndGlobalSection
	GlobalSection(ExtensibilityGlobals) = postSolution
		SolutionGuid = {2B3B2191-72C7-4FE6-899E-536402790B5F}
	EndGlobalSection
EndGlobal
