
Microsoft Visual Studio Solution File, Format Version 12.00
# Visual Studio Version 16
VisualStudioVersion = 16.0.31624.102
MinimumVisualStudioVersion = 10.0.40219.1
Project("{9A19103F-16F7-4668-BE54-9A1E7A4F7556}") = "Task01", "Task01\Task01.csproj", "{93B6F51E-7488-484F-8C85-C0A72B2606D7}"
EndProject
Project("{FAE04EC0-301F-11D3-BF4B-00C04F79EFBC}") = "Task02", "Task02\Task02.csproj", "{B9A2ED0F-7C49-4A50-8DAB-7C1561A76671}"
EndProject
Global
	GlobalSection(SolutionConfigurationPlatforms) = preSolution
		Debug|Any CPU = Debug|Any CPU
		Release|Any CPU = Release|Any CPU
	EndGlobalSection
	GlobalSection(ProjectConfigurationPlatforms) = postSolution
		{93B6F51E-7488-484F-8C85-C0A72B2606D7}.Debug|Any CPU.ActiveCfg = Debug|Any CPU
		{93B6F51E-7488-484F-8C85-C0A72B2606D7}.Debug|Any CPU.Build.0 = Debug|Any CPU
		{93B6F51E-7488-484F-8C85-C0A72B2606D7}.Release|Any CPU.ActiveCfg = Release|Any CPU
		{93B6F51E-7488-484F-8C85-C0A72B2606D7}.Release|Any CPU.Build.0 = Release|Any CPU
		{B9A2ED0F-7C49-4A50-8DAB-7C1561A76671}.Debug|Any CPU.ActiveCfg = Debug|Any CPU
		{B9A2ED0F-7C49-4A50-8DAB-7C1561A76671}.Debug|Any CPU.Build.0 = Debug|Any CPU
		{B9A2ED0F-7C49-4A50-8DAB-7C1561A76671}.Release|Any CPU.ActiveCfg = Release|Any CPU
		{B9A2ED0F-7C49-4A50-8DAB-7C1561A76671}.Release|Any CPU.Build.0 = Release|Any CPU
	EndGlobalSection
	GlobalSection(SolutionProperties) = preSolution
		HideSolutionNode = FALSE
	EndGlobalSection
	GlobalSection(ExtensibilityGlobals) = postSolution
		SolutionGuid = {3D5A8844-6E70-4257-AD18-7ADCED0F423C}
	EndGlobalSection
EndGlobal
