
Microsoft Visual Studio Solution File, Format Version 12.00
# Visual Studio Version 16
VisualStudioVersion = 16.0.31624.102
MinimumVisualStudioVersion = 10.0.40219.1
Project("{FAE04EC0-301F-11D3-BF4B-00C04F79EFBC}") = "Task01", "Task01\Task01.csproj", "{EFF6E5ED-3429-4562-9FBF-4AB8A00499DC}"
EndProject
Global
	GlobalSection(SolutionConfigurationPlatforms) = preSolution
		Debug|Any CPU = Debug|Any CPU
		Release|Any CPU = Release|Any CPU
	EndGlobalSection
	GlobalSection(ProjectConfigurationPlatforms) = postSolution
		{EFF6E5ED-3429-4562-9FBF-4AB8A00499DC}.Debug|Any CPU.ActiveCfg = Debug|Any CPU
		{EFF6E5ED-3429-4562-9FBF-4AB8A00499DC}.Debug|Any CPU.Build.0 = Debug|Any CPU
		{EFF6E5ED-3429-4562-9FBF-4AB8A00499DC}.Release|Any CPU.ActiveCfg = Release|Any CPU
		{EFF6E5ED-3429-4562-9FBF-4AB8A00499DC}.Release|Any CPU.Build.0 = Release|Any CPU
	EndGlobalSection
	GlobalSection(SolutionProperties) = preSolution
		HideSolutionNode = FALSE
	EndGlobalSection
	GlobalSection(ExtensibilityGlobals) = postSolution
		SolutionGuid = {58F1F33B-BB8F-4AD4-8DD9-519170B28586}
	EndGlobalSection
EndGlobal
