
Microsoft Visual Studio Solution File, Format Version 12.00
# Visual Studio Version 16
VisualStudioVersion = 16.0.31624.102
MinimumVisualStudioVersion = 10.0.40219.1
Project("{FAE04EC0-301F-11D3-BF4B-00C04F79EFBC}") = "Task01", "Task01\Task01.csproj", "{60E5D3C5-A926-4F03-8198-C268880A57EF}"
EndProject
Project("{FAE04EC0-301F-11D3-BF4B-00C04F79EFBC}") = "Task02", "Task02\Task02.csproj", "{57E3D0E9-C204-42CD-920B-373AE1CA956F}"
EndProject
Global
	GlobalSection(SolutionConfigurationPlatforms) = preSolution
		Debug|Any CPU = Debug|Any CPU
		Release|Any CPU = Release|Any CPU
	EndGlobalSection
	GlobalSection(ProjectConfigurationPlatforms) = postSolution
		{60E5D3C5-A926-4F03-8198-C268880A57EF}.Debug|Any CPU.ActiveCfg = Debug|Any CPU
		{60E5D3C5-A926-4F03-8198-C268880A57EF}.Debug|Any CPU.Build.0 = Debug|Any CPU
		{60E5D3C5-A926-4F03-8198-C268880A57EF}.Release|Any CPU.ActiveCfg = Release|Any CPU
		{60E5D3C5-A926-4F03-8198-C268880A57EF}.Release|Any CPU.Build.0 = Release|Any CPU
		{57E3D0E9-C204-42CD-920B-373AE1CA956F}.Debug|Any CPU.ActiveCfg = Debug|Any CPU
		{57E3D0E9-C204-42CD-920B-373AE1CA956F}.Debug|Any CPU.Build.0 = Debug|Any CPU
		{57E3D0E9-C204-42CD-920B-373AE1CA956F}.Release|Any CPU.ActiveCfg = Release|Any CPU
		{57E3D0E9-C204-42CD-920B-373AE1CA956F}.Release|Any CPU.Build.0 = Release|Any CPU
	EndGlobalSection
	GlobalSection(SolutionProperties) = preSolution
		HideSolutionNode = FALSE
	EndGlobalSection
	GlobalSection(ExtensibilityGlobals) = postSolution
		SolutionGuid = {78E4F31C-E4DF-409C-87AA-048B8C0124B4}
	EndGlobalSection
EndGlobal
