
Microsoft Visual Studio Solution File, Format Version 12.00
# Visual Studio Version 16
VisualStudioVersion = 16.0.31624.102
MinimumVisualStudioVersion = 10.0.40219.1
Project("{FAE04EC0-301F-11D3-BF4B-00C04F79EFBC}") = "Task02", "Task02\Task02.csproj", "{53FCE061-1064-451B-A475-277D8BF3F4FE}"
EndProject
Global
	GlobalSection(SolutionConfigurationPlatforms) = preSolution
		Debug|Any CPU = Debug|Any CPU
		Release|Any CPU = Release|Any CPU
	EndGlobalSection
	GlobalSection(ProjectConfigurationPlatforms) = postSolution
		{53FCE061-1064-451B-A475-277D8BF3F4FE}.Debug|Any CPU.ActiveCfg = Debug|Any CPU
		{53FCE061-1064-451B-A475-277D8BF3F4FE}.Debug|Any CPU.Build.0 = Debug|Any CPU
		{53FCE061-1064-451B-A475-277D8BF3F4FE}.Release|Any CPU.ActiveCfg = Release|Any CPU
		{53FCE061-1064-451B-A475-277D8BF3F4FE}.Release|Any CPU.Build.0 = Release|Any CPU
	EndGlobalSection
	GlobalSection(SolutionProperties) = preSolution
		HideSolutionNode = FALSE
	EndGlobalSection
	GlobalSection(ExtensibilityGlobals) = postSolution
		SolutionGuid = {AE12C260-FA3D-4955-961E-02180C29D409}
	EndGlobalSection
EndGlobal
