
Microsoft Visual Studio Solution File, Format Version 12.00
# Visual Studio Version 16
VisualStudioVersion = 16.0.31624.102
MinimumVisualStudioVersion = 10.0.40219.1
Project("{FAE04EC0-301F-11D3-BF4B-00C04F79EFBC}") = "Task01", "Task01\Task01.csproj", "{E6D91F01-AF37-4702-930A-96BE63030E07}"
EndProject
Project("{FAE04EC0-301F-11D3-BF4B-00C04F79EFBC}") = "Task02", "Task02\Task02.csproj", "{A8DA761F-E50E-4AC8-830F-0937E25F62F6}"
EndProject
Global
	GlobalSection(SolutionConfigurationPlatforms) = preSolution
		Debug|Any CPU = Debug|Any CPU
		Release|Any CPU = Release|Any CPU
	EndGlobalSection
	GlobalSection(ProjectConfigurationPlatforms) = postSolution
		{E6D91F01-AF37-4702-930A-96BE63030E07}.Debug|Any CPU.ActiveCfg = Debug|Any CPU
		{E6D91F01-AF37-4702-930A-96BE63030E07}.Debug|Any CPU.Build.0 = Debug|Any CPU
		{E6D91F01-AF37-4702-930A-96BE63030E07}.Release|Any CPU.ActiveCfg = Release|Any CPU
		{E6D91F01-AF37-4702-930A-96BE63030E07}.Release|Any CPU.Build.0 = Release|Any CPU
		{A8DA761F-E50E-4AC8-830F-0937E25F62F6}.Debug|Any CPU.ActiveCfg = Debug|Any CPU
		{A8DA761F-E50E-4AC8-830F-0937E25F62F6}.Debug|Any CPU.Build.0 = Debug|Any CPU
		{A8DA761F-E50E-4AC8-830F-0937E25F62F6}.Release|Any CPU.ActiveCfg = Release|Any CPU
		{A8DA761F-E50E-4AC8-830F-0937E25F62F6}.Release|Any CPU.Build.0 = Release|Any CPU
	EndGlobalSection
	GlobalSection(SolutionProperties) = preSolution
		HideSolutionNode = FALSE
	EndGlobalSection
	GlobalSection(ExtensibilityGlobals) = postSolution
		SolutionGuid = {79B17539-085A-48C5-A6B9-22C7DCD8B0FD}
	EndGlobalSection
EndGlobal
