
Microsoft Visual Studio Solution File, Format Version 12.00
# Visual Studio Version 16
VisualStudioVersion = 16.0.31624.102
MinimumVisualStudioVersion = 10.0.40219.1
Project("{FAE04EC0-301F-11D3-BF4B-00C04F79EFBC}") = "Task01", "Task01\Task01.csproj", "{C009D0F0-0059-4BDA-815F-A00858A728CC}"
EndProject
Project("{FAE04EC0-301F-11D3-BF4B-00C04F79EFBC}") = "Task02", "Task02\Task02.csproj", "{9DAC8C02-D9E3-475C-8C82-24E885ED9EBA}"
EndProject
Global
	GlobalSection(SolutionConfigurationPlatforms) = preSolution
		Debug|Any CPU = Debug|Any CPU
		Release|Any CPU = Release|Any CPU
	EndGlobalSection
	GlobalSection(ProjectConfigurationPlatforms) = postSolution
		{C009D0F0-0059-4BDA-815F-A00858A728CC}.Debug|Any CPU.ActiveCfg = Debug|Any CPU
		{C009D0F0-0059-4BDA-815F-A00858A728CC}.Debug|Any CPU.Build.0 = Debug|Any CPU
		{C009D0F0-0059-4BDA-815F-A00858A728CC}.Release|Any CPU.ActiveCfg = Release|Any CPU
		{C009D0F0-0059-4BDA-815F-A00858A728CC}.Release|Any CPU.Build.0 = Release|Any CPU
		{9DAC8C02-D9E3-475C-8C82-24E885ED9EBA}.Debug|Any CPU.ActiveCfg = Debug|Any CPU
		{9DAC8C02-D9E3-475C-8C82-24E885ED9EBA}.Debug|Any CPU.Build.0 = Debug|Any CPU
		{9DAC8C02-D9E3-475C-8C82-24E885ED9EBA}.Release|Any CPU.ActiveCfg = Release|Any CPU
		{9DAC8C02-D9E3-475C-8C82-24E885ED9EBA}.Release|Any CPU.Build.0 = Release|Any CPU
	EndGlobalSection
	GlobalSection(SolutionProperties) = preSolution
		HideSolutionNode = FALSE
	EndGlobalSection
	GlobalSection(ExtensibilityGlobals) = postSolution
		SolutionGuid = {DC7BA1AF-F23F-4002-82FD-59DB7A0922DE}
	EndGlobalSection
EndGlobal
